
Microsoft Visual Studio Solution File, Format Version 12.00
# Visual Studio Version 17
VisualStudioVersion = 17.0.31903.59
MinimumVisualStudioVersion = 10.0.40219.1
Project("{FAE04EC0-301F-11D3-BF4B-00C04F79EFBC}") = "Application", "Application\Application.csproj", "{C145CC35-7796-4C12-8AE4-E5B11320AA96}"
EndProject
Project("{FAE04EC0-301F-11D3-BF4B-00C04F79EFBC}") = "Persistence", "Persistence\Persistence.csproj", "{AE92B8DD-A6E6-4B81-A1C0-30888796A800}"
EndProject
Project("{FAE04EC0-301F-11D3-BF4B-00C04F79EFBC}") = "Domain", "Domain\Domain.csproj", "{9777697D-5D4C-4BD4-85BE-E5BE3BC7176A}"
EndProject
Project("{FAE04EC0-301F-11D3-BF4B-00C04F79EFBC}") = "4LayersApi", "4LayersApi\4LayersApi.csproj", "{3EB7723F-C3C8-42A4-9039-ED798A1EF5E8}"
EndProject
Global
	GlobalSection(SolutionConfigurationPlatforms) = preSolution
		Debug|Any CPU = Debug|Any CPU
		Release|Any CPU = Release|Any CPU
	EndGlobalSection
	GlobalSection(SolutionProperties) = preSolution
		HideSolutionNode = FALSE
	EndGlobalSection
	GlobalSection(ProjectConfigurationPlatforms) = postSolution
		{C145CC35-7796-4C12-8AE4-E5B11320AA96}.Debug|Any CPU.ActiveCfg = Debug|Any CPU
		{C145CC35-7796-4C12-8AE4-E5B11320AA96}.Debug|Any CPU.Build.0 = Debug|Any CPU
		{C145CC35-7796-4C12-8AE4-E5B11320AA96}.Release|Any CPU.ActiveCfg = Release|Any CPU
		{C145CC35-7796-4C12-8AE4-E5B11320AA96}.Release|Any CPU.Build.0 = Release|Any CPU
		{AE92B8DD-A6E6-4B81-A1C0-30888796A800}.Debug|Any CPU.ActiveCfg = Debug|Any CPU
		{AE92B8DD-A6E6-4B81-A1C0-30888796A800}.Debug|Any CPU.Build.0 = Debug|Any CPU
		{AE92B8DD-A6E6-4B81-A1C0-30888796A800}.Release|Any CPU.ActiveCfg = Release|Any CPU
		{AE92B8DD-A6E6-4B81-A1C0-30888796A800}.Release|Any CPU.Build.0 = Release|Any CPU
		{9777697D-5D4C-4BD4-85BE-E5BE3BC7176A}.Debug|Any CPU.ActiveCfg = Debug|Any CPU
		{9777697D-5D4C-4BD4-85BE-E5BE3BC7176A}.Debug|Any CPU.Build.0 = Debug|Any CPU
		{9777697D-5D4C-4BD4-85BE-E5BE3BC7176A}.Release|Any CPU.ActiveCfg = Release|Any CPU
		{9777697D-5D4C-4BD4-85BE-E5BE3BC7176A}.Release|Any CPU.Build.0 = Release|Any CPU
		{3EB7723F-C3C8-42A4-9039-ED798A1EF5E8}.Debug|Any CPU.ActiveCfg = Debug|Any CPU
		{3EB7723F-C3C8-42A4-9039-ED798A1EF5E8}.Debug|Any CPU.Build.0 = Debug|Any CPU
		{3EB7723F-C3C8-42A4-9039-ED798A1EF5E8}.Release|Any CPU.ActiveCfg = Release|Any CPU
		{3EB7723F-C3C8-42A4-9039-ED798A1EF5E8}.Release|Any CPU.Build.0 = Release|Any CPU
	EndGlobalSection
EndGlobal
